// !$*UTF8*$!
{
	archiveVersion = 1;
	classes = {
	};
	objectVersion = 48;
	objects = {

/* Begin PBXBuildFile section */
		7AE515FD1FA9BD7E00007CF4 /* AppDelegate.swift in Sources */ = {isa = PBXBuildFile; fileRef = 7AE515FC1FA9BD7E00007CF4 /* AppDelegate.swift */; };
		7AE515FF1FA9BD7E00007CF4 /* ViewController.swift in Sources */ = {isa = PBXBuildFile; fileRef = 7AE515FE1FA9BD7E00007CF4 /* ViewController.swift */; };
		7AE516021FA9BD7E00007CF4 /* Main.storyboard in Resources */ = {isa = PBXBuildFile; fileRef = 7AE516001FA9BD7E00007CF4 /* Main.storyboard */; };
		7AE516041FA9BD7E00007CF4 /* Assets.xcassets in Resources */ = {isa = PBXBuildFile; fileRef = 7AE516031FA9BD7E00007CF4 /* Assets.xcassets */; };
		7AE516071FA9BD7E00007CF4 /* LaunchScreen.storyboard in Resources */ = {isa = PBXBuildFile; fileRef = 7AE516051FA9BD7E00007CF4 /* LaunchScreen.storyboard */; };
/* End PBXBuildFile section */

/* Begin PBXFileReference section */
		7AE515F91FA9BD7E00007CF4 /* LuxCameraSample.app */ = {isa = PBXFileReference; explicitFileType = wrapper.application; includeInIndex = 0; path = LuxCameraSample.app; sourceTree = BUILT_PRODUCTS_DIR; };
		7AE515FC1FA9BD7E00007CF4 /* AppDelegate.swift */ = {isa = PBXFileReference; lastKnownFileType = sourcecode.swift; path = AppDelegate.swift; sourceTree = "<group>"; };
		7AE515FE1FA9BD7E00007CF4 /* ViewController.swift */ = {isa = PBXFileReference; lastKnownFileType = sourcecode.swift; path = ViewController.swift; sourceTree = "<group>"; };
		7AE516011FA9BD7E00007CF4 /* Base */ = {isa = PBXFileReference; lastKnownFileType = file.storyboard; name = Base; path = Base.lproj/Main.storyboard; sourceTree = "<group>"; };
		7AE516031FA9BD7E00007CF4 /* Assets.xcassets */ = {isa = PBXFileReference; lastKnownFileType = folder.assetcatalog; path = Assets.xcassets; sourceTree = "<group>"; };
		7AE516061FA9BD7E00007CF4 /* Base */ = {isa = PBXFileReference; lastKnownFileType = file.storyboard; name = Base; path = Base.lproj/LaunchScreen.storyboard; sourceTree = "<group>"; };
		7AE516081FA9BD7E00007CF4 /* Info.plist */ = {isa = PBXFileReference; lastKnownFileType = text.plist.xml; path = Info.plist; sourceTree = "<group>"; };
/* End PBXFileReference section */

/* Begin PBXFrameworksBuildPhase section */
		7AE515F61FA9BD7E00007CF4 /* Frameworks */ = {
			isa = PBXFrameworksBuildPhase;
			buildActionMask = 2147483647;
			files = (
			);
			runOnlyForDeploymentPostprocessing = 0;
		};
/* End PBXFrameworksBuildPhase section */

/* Begin PBXGroup section */
		7AE515F01FA9BD7E00007CF4 = {
			isa = PBXGroup;
			children = (
				7AE515FB1FA9BD7E00007CF4 /* LuxCameraSample */,
				7AE515FA1FA9BD7E00007CF4 /* Products */,
			);
			sourceTree = "<group>";
		};
		7AE515FA1FA9BD7E00007CF4 /* Products */ = {
			isa = PBXGroup;
			children = (
				7AE515F91FA9BD7E00007CF4 /* LuxCameraSample.app */,
			);
			name = Products;
			sourceTree = "<group>";
		};
		7AE515FB1FA9BD7E00007CF4 /* LuxCameraSample */ = {
			isa = PBXGroup;
			children = (
				7AE515FC1FA9BD7E00007CF4 /* AppDelegate.swift */,
				7AE515FE1FA9BD7E00007CF4 /* ViewController.swift */,
				7AE516001FA9BD7E00007CF4 /* Main.storyboard */,
				7AE516031FA9BD7E00007CF4 /* Assets.xcassets */,
				7AE516051FA9BD7E00007CF4 /* LaunchScreen.storyboard */,
				7AE516081FA9BD7E00007CF4 /* Info.plist */,
			);
			path = LuxCameraSample;
			sourceTree = "<group>";
		};
/* End PBXGroup section */

/* Begin PBXNativeTarget section */
		7AE515F81FA9BD7E00007CF4 /* LuxCameraSample */ = {
			isa = PBXNativeTarget;
			buildConfigurationList = 7AE5160B1FA9BD7E00007CF4 /* Build configuration list for PBXNativeTarget "LuxCameraSample" */;
			buildPhases = (
				7AE515F51FA9BD7E00007CF4 /* Sources */,
				7AE515F61FA9BD7E00007CF4 /* Frameworks */,
				7AE515F71FA9BD7E00007CF4 /* Resources */,
			);
			buildRules = (
			);
			dependencies = (
			);
			name = LuxCameraSample;
			productName = LuxCameraSample;
			productReference = 7AE515F91FA9BD7E00007CF4 /* LuxCameraSample.app */;
			productType = "com.apple.product-type.application";
		};
/* End PBXNativeTarget section */

/* Begin PBXProject section */
		7AE515F11FA9BD7E00007CF4 /* Project object */ = {
			isa = PBXProject;
			attributes = {
				LastSwiftUpdateCheck = 0900;
				LastUpgradeCheck = 0900;
				ORGANIZATIONNAME = "Ylab, Inc.";
				TargetAttributes = {
					7AE515F81FA9BD7E00007CF4 = {
						CreatedOnToolsVersion = 9.0;
						ProvisioningStyle = Automatic;
					};
				};
			};
			buildConfigurationList = 7AE515F41FA9BD7E00007CF4 /* Build configuration list for PBXProject "LuxCameraSample" */;
			compatibilityVersion = "Xcode 8.0";
			developmentRegion = en;
			hasScannedForEncodings = 0;
			knownRegions = (
				en,
				Base,
			);
			mainGroup = 7AE515F01FA9BD7E00007CF4;
			productRefGroup = 7AE515FA1FA9BD7E00007CF4 /* Products */;
			projectDirPath = "";
			projectRoot = "";
			targets = (
				7AE515F81FA9BD7E00007CF4 /* LuxCameraSample */,
			);
		};
/* End PBXProject section */

/* Begin PBXResourcesBuildPhase section */
		7AE515F71FA9BD7E00007CF4 /* Resources */ = {
			isa = PBXResourcesBuildPhase;
			buildActionMask = 2147483647;
			files = (
				7AE516071FA9BD7E00007CF4 /* LaunchScreen.storyboard in Resources */,
				7AE516041FA9BD7E00007CF4 /* Assets.xcassets in Resources */,
				7AE516021FA9BD7E00007CF4 /* Main.storyboard in Resources */,
			);
			runOnlyForDeploymentPostprocessing = 0;
		};
/* End PBXResourcesBuildPhase section */

/* Begin PBXSourcesBuildPhase section */
		7AE515F51FA9BD7E00007CF4 /* Sources */ = {
			isa = PBXSourcesBuildPhase;
			buildActionMask = 2147483647;
			files = (
				7AE515FF1FA9BD7E00007CF4 /* ViewController.swift in Sources */,
				7AE515FD1FA9BD7E00007CF4 /* AppDelegate.swift in Sources */,
			);
			runOnlyForDeploymentPostprocessing = 0;
		};
/* End PBXSourcesBuildPhase section */

/* Begin PBXVariantGroup section */
		7AE516001FA9BD7E00007CF4 /* Main.storyboard */ = {
			isa = PBXVariantGroup;
			children = (
				7AE516011FA9BD7E00007CF4 /* Base */,
			);
			name = Main.storyboard;
			sourceTree = "<group>";
		};
		7AE516051FA9BD7E00007CF4 /* LaunchScreen.storyboard */ = {
			isa = PBXVariantGroup;
			children = (
				7AE516061FA9BD7E00007CF4 /* Base */,
			);
			name = LaunchScreen.storyboard;
			sourceTree = "<group>";
		};
/* End PBXVariantGroup section */

/* Begin XCBuildConfiguration section */
		7AE516091FA9BD7E00007CF4 /* Debug */ = {
			isa = XCBuildConfiguration;
			buildSettings = {
				ALWAYS_SEARCH_USER_PATHS = NO;
				CLANG_ANALYZER_NONNULL = YES;
				CLANG_ANALYZER_NUMBER_OBJECT_CONVERSION = YES_AGGRESSIVE;
				CLANG_CXX_LANGUAGE_STANDARD = "gnu++14";
				CLANG_CXX_LIBRARY = "libc++";
				CLANG_ENABLE_MODULES = YES;
				CLANG_ENABLE_OBJC_ARC = YES;
				CLANG_WARN_BLOCK_CAPTURE_AUTORELEASING = YES;
				CLANG_WARN_BOOL_CONVERSION = YES;
				CLANG_WARN_COMMA = YES;
				CLANG_WARN_CONSTANT_CONVERSION = YES;
				CLANG_WARN_DIRECT_OBJC_ISA_USAGE = YES_ERROR;
				CLANG_WARN_DOCUMENTATION_COMMENTS = YES;
				CLANG_WARN_EMPTY_BODY = YES;
				CLANG_WARN_ENUM_CONVERSION = YES;
				CLANG_WARN_INFINITE_RECURSION = YES;
				CLANG_WARN_INT_CONVERSION = YES;
				CLANG_WARN_NON_LITERAL_NULL_CONVERSION = YES;
				CLANG_WARN_OBJC_LITERAL_CONVERSION = YES;
				CLANG_WARN_OBJC_ROOT_CLASS = YES_ERROR;
				CLANG_WARN_RANGE_LOOP_ANALYSIS = YES;
				CLANG_WARN_STRICT_PROTOTYPES = YES;
				CLANG_WARN_SUSPICIOUS_MOVE = YES;
				CLANG_WARN_UNGUARDED_AVAILABILITY = YES_AGGRESSIVE;
				CLANG_WARN_UNREACHABLE_CODE = YES;
				CLANG_WARN__DUPLICATE_METHOD_MATCH = YES;
				CODE_SIGN_IDENTITY = "iPhone Developer";
				COPY_PHASE_STRIP = NO;
				DEBUG_INFORMATION_FORMAT = dwarf;
				ENABLE_STRICT_OBJC_MSGSEND = YES;
				ENABLE_TESTABILITY = YES;
				GCC_C_LANGUAGE_STANDARD = gnu11;
				GCC_DYNAMIC_NO_PIC = NO;
				GCC_NO_COMMON_BLOCKS = YES;
				GCC_OPTIMIZATION_LEVEL = 0;
				GCC_PREPROCESSOR_DEFINITIONS = (
					"DEBUG=1",
					"$(inherited)",
				);
				GCC_WARN_64_TO_32_BIT_CONVERSION = YES;
				GCC_WARN_ABOUT_RETURN_TYPE = YES_ERROR;
				GCC_WARN_UNDECLARED_SELECTOR = YES;
				GCC_WARN_UNINITIALIZED_AUTOS = YES_AGGRESSIVE;
				GCC_WARN_UNUSED_FUNCTION = YES;
				GCC_WARN_UNUSED_VARIABLE = YES;
				IPHONEOS_DEPLOYMENT_TARGET = 11.0;
				MTL_ENABLE_DEBUG_INFO = YES;
				ONLY_ACTIVE_ARCH = YES;
				SDKROOT = iphoneos;
				SWIFT_ACTIVE_COMPILATION_CONDITIONS = DEBUG;
				SWIFT_OPTIMIZATION_LEVEL = "-Onone";
			};
			name = Debug;
		};
		7AE5160A1FA9BD7E00007CF4 /* Release */ = {
			isa = XCBuildConfiguration;
			buildSettings = {
				ALWAYS_SEARCH_USER_PATHS = NO;
				CLANG_ANALYZER_NONNULL = YES;
				CLANG_ANALYZER_NUMBER_OBJECT_CONVERSION = YES_AGGRESSIVE;
				CLANG_CXX_LANGUAGE_STANDARD = "gnu++14";
				CLANG_CXX_LIBRARY = "libc++";
				CLANG_ENABLE_MODULES = YES;
				CLANG_ENABLE_OBJC_ARC = YES;
				CLANG_WARN_BLOCK_CAPTURE_AUTORELEASING = YES;
				CLANG_WARN_BOOL_CONVERSION = YES;
				CLANG_WARN_COMMA = YES;
				CLANG_WARN_CONSTANT_CONVERSION = YES;
				CLANG_WARN_DIRECT_OBJC_ISA_USAGE = YES_ERROR;
				CLANG_WARN_DOCUMENTATION_COMMENTS = YES;
				CLANG_WARN_EMPTY_BODY = YES;
				CLANG_WARN_ENUM_CONVERSION = YES;
				CLANG_WARN_INFINITE_RECURSION = YES;
				CLANG_WARN_INT_CONVERSION = YES;
				CLANG_WARN_NON_LITERAL_NULL_CONVERSION = YES;
				CLANG_WARN_OBJC_LITERAL_CONVERSION = YES;
				CLANG_WARN_OBJC_ROOT_CLASS = YES_ERROR;
				CLANG_WARN_RANGE_LOOP_ANALYSIS = YES;
				CLANG_WARN_STRICT_PROTOTYPES = YES;
				CLANG_WARN_SUSPICIOUS_MOVE = YES;
				CLANG_WARN_UNGUARDED_AVAILABILITY = YES_AGGRESSIVE;
				CLANG_WARN_UNREACHABLE_CODE = YES;
				CLANG_WARN__DUPLICATE_METHOD_MATCH = YES;
				CODE_SIGN_IDENTITY = "iPhone Developer";
				COPY_PHASE_STRIP = NO;
				DEBUG_INFORMATION_FORMAT = "dwarf-with-dsym";
				ENABLE_NS_ASSERTIONS = NO;
				ENABLE_STRICT_OBJC_MSGSEND = YES;
				GCC_C_LANGUAGE_STANDARD = gnu11;
				GCC_NO_COMMON_BLOCKS = YES;
				GCC_WARN_64_TO_32_BIT_CONVERSION = YES;
				GCC_WARN_ABOUT_RETURN_TYPE = YES_ERROR;
				GCC_WARN_UNDECLARED_SELECTOR = YES;
				GCC_WARN_UNINITIALIZED_AUTOS = YES_AGGRESSIVE;
				GCC_WARN_UNUSED_FUNCTION = YES;
				GCC_WARN_UNUSED_VARIABLE = YES;
				IPHONEOS_DEPLOYMENT_TARGET = 11.0;
				MTL_ENABLE_DEBUG_INFO = NO;
				SDKROOT = iphoneos;
				SWIFT_OPTIMIZATION_LEVEL = "-Owholemodule";
				VALIDATE_PRODUCT = YES;
			};
			name = Release;
		};
		7AE5160C1FA9BD7E00007CF4 /* Debug */ = {
			isa = XCBuildConfiguration;
			buildSettings = {
				ASSETCATALOG_COMPILER_APPICON_NAME = AppIcon;
				CODE_SIGN_STYLE = Automatic;
				DEVELOPMENT_TEAM = XFUA4YPVDB;
				INFOPLIST_FILE = LuxCameraSample/Info.plist;
				IPHONEOS_DEPLOYMENT_TARGET = 10.0;
				LD_RUNPATH_SEARCH_PATHS = "$(inherited) @executable_path/Frameworks";
				PRODUCT_BUNDLE_IDENTIFIER = jp.co.ylab.LuxCameraSample;
				PRODUCT_NAME = "$(TARGET_NAME)";
				SWIFT_VERSION = 4.0;
				TARGETED_DEVICE_FAMILY = 1;
			};
			name = Debug;
		};
		7AE5160D1FA9BD7E00007CF4 /* Release */ = {
			isa = XCBuildConfiguration;
			buildSettings = {
				ASSETCATALOG_COMPILER_APPICON_NAME = AppIcon;
				CODE_SIGN_STYLE = Automatic;
				DEVELOPMENT_TEAM = XFUA4YPVDB;
				INFOPLIST_FILE = LuxCameraSample/Info.plist;
				IPHONEOS_DEPLOYMENT_TARGET = 10.0;
				LD_RUNPATH_SEARCH_PATHS = "$(inherited) @executable_path/Frameworks";
				PRODUCT_BUNDLE_IDENTIFIER = jp.co.ylab.LuxCameraSample;
				PRODUCT_NAME = "$(TARGET_NAME)";
				SWIFT_VERSION = 4.0;
				TARGETED_DEVICE_FAMILY = 1;
			};
			name = Release;
		};
/* End XCBuildConfiguration section */

/* Begin XCConfigurationList section */
		7AE515F41FA9BD7E00007CF4 /* Build configuration list for PBXProject "LuxCameraSample" */ = {
			isa = XCConfigurationList;
			buildConfigurations = (
				7AE516091FA9BD7E00007CF4 /* Debug */,
				7AE5160A1FA9BD7E00007CF4 /* Release */,
			);
			defaultConfigurationIsVisible = 0;
			defaultConfigurationName = Release;
		};
		7AE5160B1FA9BD7E00007CF4 /* Build configuration list for PBXNativeTarget "LuxCameraSample" */ = {
			isa = XCConfigurationList;
			buildConfigurations = (
				7AE5160C1FA9BD7E00007CF4 /* Debug */,
				7AE5160D1FA9BD7E00007CF4 /* Release */,
			);
			defaultConfigurationIsVisible = 0;
			defaultConfigurationName = Release;
		};
/* End XCConfigurationList section */
	};
	rootObject = 7AE515F11FA9BD7E00007CF4 /* Project object */;
}
